// !$*UTF8*$!
{
	archiveVersion = 1;
	classes = {
	};
	objectVersion = 46;
	objects = {

/* Begin PBXBuildFile section */
		1401D2D934CBAD9E19CA3FBC /* Pods_Tumblr_FeedTests.framework in Frameworks */ = {isa = PBXBuildFile; fileRef = 3102F6EF1376DF365EFBD481 /* Pods_Tumblr_FeedTests.framework */; };
		4BD9B96ED419471D37CF2895 /* Pods_Tumblr_FeedUITests.framework in Frameworks */ = {isa = PBXBuildFile; fileRef = 4D68F25AE8E515ED08DF613C /* Pods_Tumblr_FeedUITests.framework */; };
		707707C327FF1AA4E4291F09 /* Pods_Tumblr_Feed.framework in Frameworks */ = {isa = PBXBuildFile; fileRef = 1AB863E8566B909E565A0A86 /* Pods_Tumblr_Feed.framework */; };
		B3EE9A5C1F7C68BE00AF6044 /* AppDelegate.swift in Sources */ = {isa = PBXBuildFile; fileRef = B3EE9A5B1F7C68BE00AF6044 /* AppDelegate.swift */; };
		B3EE9A611F7C68BE00AF6044 /* Main.storyboard in Resources */ = {isa = PBXBuildFile; fileRef = B3EE9A5F1F7C68BE00AF6044 /* Main.storyboard */; };
		B3EE9A631F7C68BE00AF6044 /* Assets.xcassets in Resources */ = {isa = PBXBuildFile; fileRef = B3EE9A621F7C68BE00AF6044 /* Assets.xcassets */; };
		B3EE9A661F7C68BE00AF6044 /* LaunchScreen.storyboard in Resources */ = {isa = PBXBuildFile; fileRef = B3EE9A641F7C68BE00AF6044 /* LaunchScreen.storyboard */; };
		B3EE9A711F7C68BE00AF6044 /* Tumblr_FeedTests.swift in Sources */ = {isa = PBXBuildFile; fileRef = B3EE9A701F7C68BE00AF6044 /* Tumblr_FeedTests.swift */; };
		B3EE9A7C1F7C68BE00AF6044 /* Tumblr_FeedUITests.swift in Sources */ = {isa = PBXBuildFile; fileRef = B3EE9A7B1F7C68BE00AF6044 /* Tumblr_FeedUITests.swift */; };
		B3EE9A8A1F7C718D00AF6044 /* PhotosViewController.swift in Sources */ = {isa = PBXBuildFile; fileRef = B3EE9A891F7C718D00AF6044 /* PhotosViewController.swift */; };
/* End PBXBuildFile section */

/* Begin PBXContainerItemProxy section */
		B3EE9A6D1F7C68BE00AF6044 /* PBXContainerItemProxy */ = {
			isa = PBXContainerItemProxy;
			containerPortal = B3EE9A501F7C68BE00AF6044 /* Project object */;
			proxyType = 1;
			remoteGlobalIDString = B3EE9A571F7C68BE00AF6044;
			remoteInfo = "Tumblr-Feed";
		};
		B3EE9A781F7C68BE00AF6044 /* PBXContainerItemProxy */ = {
			isa = PBXContainerItemProxy;
			containerPortal = B3EE9A501F7C68BE00AF6044 /* Project object */;
			proxyType = 1;
			remoteGlobalIDString = B3EE9A571F7C68BE00AF6044;
			remoteInfo = "Tumblr-Feed";
		};
/* End PBXContainerItemProxy section */

/* Begin PBXFileReference section */
		128152DF0D13259CE20A361F /* Pods-Tumblr-Feed.debug.xcconfig */ = {isa = PBXFileReference; includeInIndex = 1; lastKnownFileType = text.xcconfig; name = "Pods-Tumblr-Feed.debug.xcconfig"; path = "Pods/Target Support Files/Pods-Tumblr-Feed/Pods-Tumblr-Feed.debug.xcconfig"; sourceTree = "<group>"; };
		1AB863E8566B909E565A0A86 /* Pods_Tumblr_Feed.framework */ = {isa = PBXFileReference; explicitFileType = wrapper.framework; includeInIndex = 0; path = Pods_Tumblr_Feed.framework; sourceTree = BUILT_PRODUCTS_DIR; };
		3102F6EF1376DF365EFBD481 /* Pods_Tumblr_FeedTests.framework */ = {isa = PBXFileReference; explicitFileType = wrapper.framework; includeInIndex = 0; path = Pods_Tumblr_FeedTests.framework; sourceTree = BUILT_PRODUCTS_DIR; };
		3FBFB2A2AA11B305B7448337 /* Pods-Tumblr-FeedTests.debug.xcconfig */ = {isa = PBXFileReference; includeInIndex = 1; lastKnownFileType = text.xcconfig; name = "Pods-Tumblr-FeedTests.debug.xcconfig"; path = "Pods/Target Support Files/Pods-Tumblr-FeedTests/Pods-Tumblr-FeedTests.debug.xcconfig"; sourceTree = "<group>"; };
		4D68F25AE8E515ED08DF613C /* Pods_Tumblr_FeedUITests.framework */ = {isa = PBXFileReference; explicitFileType = wrapper.framework; includeInIndex = 0; path = Pods_Tumblr_FeedUITests.framework; sourceTree = BUILT_PRODUCTS_DIR; };
		6F414CA3DD61013441292775 /* Pods-Tumblr-FeedUITests.release.xcconfig */ = {isa = PBXFileReference; includeInIndex = 1; lastKnownFileType = text.xcconfig; name = "Pods-Tumblr-FeedUITests.release.xcconfig"; path = "Pods/Target Support Files/Pods-Tumblr-FeedUITests/Pods-Tumblr-FeedUITests.release.xcconfig"; sourceTree = "<group>"; };
		748857B4C4D1BA1231A8530C /* Pods-Tumblr-Feed.release.xcconfig */ = {isa = PBXFileReference; includeInIndex = 1; lastKnownFileType = text.xcconfig; name = "Pods-Tumblr-Feed.release.xcconfig"; path = "Pods/Target Support Files/Pods-Tumblr-Feed/Pods-Tumblr-Feed.release.xcconfig"; sourceTree = "<group>"; };
		976EDEC0977EA49C97E0E35C /* Pods-Tumblr-FeedUITests.debug.xcconfig */ = {isa = PBXFileReference; includeInIndex = 1; lastKnownFileType = text.xcconfig; name = "Pods-Tumblr-FeedUITests.debug.xcconfig"; path = "Pods/Target Support Files/Pods-Tumblr-FeedUITests/Pods-Tumblr-FeedUITests.debug.xcconfig"; sourceTree = "<group>"; };
		B3EE9A581F7C68BE00AF6044 /* Tumblr-Feed.app */ = {isa = PBXFileReference; explicitFileType = wrapper.application; includeInIndex = 0; path = "Tumblr-Feed.app"; sourceTree = BUILT_PRODUCTS_DIR; };
		B3EE9A5B1F7C68BE00AF6044 /* AppDelegate.swift */ = {isa = PBXFileReference; lastKnownFileType = sourcecode.swift; path = AppDelegate.swift; sourceTree = "<group>"; };
		B3EE9A601F7C68BE00AF6044 /* Base */ = {isa = PBXFileReference; lastKnownFileType = file.storyboard; name = Base; path = Base.lproj/Main.storyboard; sourceTree = "<group>"; };
		B3EE9A621F7C68BE00AF6044 /* Assets.xcassets */ = {isa = PBXFileReference; lastKnownFileType = folder.assetcatalog; path = Assets.xcassets; sourceTree = "<group>"; };
		B3EE9A651F7C68BE00AF6044 /* Base */ = {isa = PBXFileReference; lastKnownFileType = file.storyboard; name = Base; path = Base.lproj/LaunchScreen.storyboard; sourceTree = "<group>"; };
		B3EE9A671F7C68BE00AF6044 /* Info.plist */ = {isa = PBXFileReference; lastKnownFileType = text.plist.xml; path = Info.plist; sourceTree = "<group>"; };
		B3EE9A6C1F7C68BE00AF6044 /* Tumblr-FeedTests.xctest */ = {isa = PBXFileReference; explicitFileType = wrapper.cfbundle; includeInIndex = 0; path = "Tumblr-FeedTests.xctest"; sourceTree = BUILT_PRODUCTS_DIR; };
		B3EE9A701F7C68BE00AF6044 /* Tumblr_FeedTests.swift */ = {isa = PBXFileReference; lastKnownFileType = sourcecode.swift; path = Tumblr_FeedTests.swift; sourceTree = "<group>"; };
		B3EE9A721F7C68BE00AF6044 /* Info.plist */ = {isa = PBXFileReference; lastKnownFileType = text.plist.xml; path = Info.plist; sourceTree = "<group>"; };
		B3EE9A771F7C68BE00AF6044 /* Tumblr-FeedUITests.xctest */ = {isa = PBXFileReference; explicitFileType = wrapper.cfbundle; includeInIndex = 0; path = "Tumblr-FeedUITests.xctest"; sourceTree = BUILT_PRODUCTS_DIR; };
		B3EE9A7B1F7C68BE00AF6044 /* Tumblr_FeedUITests.swift */ = {isa = PBXFileReference; lastKnownFileType = sourcecode.swift; path = Tumblr_FeedUITests.swift; sourceTree = "<group>"; };
		B3EE9A7D1F7C68BE00AF6044 /* Info.plist */ = {isa = PBXFileReference; lastKnownFileType = text.plist.xml; path = Info.plist; sourceTree = "<group>"; };
		B3EE9A891F7C718D00AF6044 /* PhotosViewController.swift */ = {isa = PBXFileReference; fileEncoding = 4; lastKnownFileType = sourcecode.swift; path = PhotosViewController.swift; sourceTree = "<group>"; };
		F1A89A89AF3869E85224BC17 /* Pods-Tumblr-FeedTests.release.xcconfig */ = {isa = PBXFileReference; includeInIndex = 1; lastKnownFileType = text.xcconfig; name = "Pods-Tumblr-FeedTests.release.xcconfig"; path = "Pods/Target Support Files/Pods-Tumblr-FeedTests/Pods-Tumblr-FeedTests.release.xcconfig"; sourceTree = "<group>"; };
/* End PBXFileReference section */

/* Begin PBXFrameworksBuildPhase section */
		B3EE9A551F7C68BE00AF6044 /* Frameworks */ = {
			isa = PBXFrameworksBuildPhase;
			buildActionMask = 2147483647;
			files = (
				707707C327FF1AA4E4291F09 /* Pods_Tumblr_Feed.framework in Frameworks */,
			);
			runOnlyForDeploymentPostprocessing = 0;
		};
		B3EE9A691F7C68BE00AF6044 /* Frameworks */ = {
			isa = PBXFrameworksBuildPhase;
			buildActionMask = 2147483647;
			files = (
				1401D2D934CBAD9E19CA3FBC /* Pods_Tumblr_FeedTests.framework in Frameworks */,
			);
			runOnlyForDeploymentPostprocessing = 0;
		};
		B3EE9A741F7C68BE00AF6044 /* Frameworks */ = {
			isa = PBXFrameworksBuildPhase;
			buildActionMask = 2147483647;
			files = (
				4BD9B96ED419471D37CF2895 /* Pods_Tumblr_FeedUITests.framework in Frameworks */,
			);
			runOnlyForDeploymentPostprocessing = 0;
		};
/* End PBXFrameworksBuildPhase section */

/* Begin PBXGroup section */
		A449FB2B5F7A8190C88B9300 /* Frameworks */ = {
			isa = PBXGroup;
			children = (
				1AB863E8566B909E565A0A86 /* Pods_Tumblr_Feed.framework */,
				3102F6EF1376DF365EFBD481 /* Pods_Tumblr_FeedTests.framework */,
				4D68F25AE8E515ED08DF613C /* Pods_Tumblr_FeedUITests.framework */,
			);
			name = Frameworks;
			sourceTree = "<group>";
		};
		B3EE9A4F1F7C68BE00AF6044 = {
			isa = PBXGroup;
			children = (
				B3EE9A5A1F7C68BE00AF6044 /* Tumblr-Feed */,
				B3EE9A6F1F7C68BE00AF6044 /* Tumblr-FeedTests */,
				B3EE9A7A1F7C68BE00AF6044 /* Tumblr-FeedUITests */,
				B3EE9A591F7C68BE00AF6044 /* Products */,
				F3684194849D60F6441CDF1F /* Pods */,
				A449FB2B5F7A8190C88B9300 /* Frameworks */,
			);
			sourceTree = "<group>";
		};
		B3EE9A591F7C68BE00AF6044 /* Products */ = {
			isa = PBXGroup;
			children = (
				B3EE9A581F7C68BE00AF6044 /* Tumblr-Feed.app */,
				B3EE9A6C1F7C68BE00AF6044 /* Tumblr-FeedTests.xctest */,
				B3EE9A771F7C68BE00AF6044 /* Tumblr-FeedUITests.xctest */,
			);
			name = Products;
			sourceTree = "<group>";
		};
		B3EE9A5A1F7C68BE00AF6044 /* Tumblr-Feed */ = {
			isa = PBXGroup;
			children = (
				B3EE9A5B1F7C68BE00AF6044 /* AppDelegate.swift */,
				B3EE9A5F1F7C68BE00AF6044 /* Main.storyboard */,
				B3EE9A621F7C68BE00AF6044 /* Assets.xcassets */,
				B3EE9A641F7C68BE00AF6044 /* LaunchScreen.storyboard */,
				B3EE9A671F7C68BE00AF6044 /* Info.plist */,
				B3EE9A891F7C718D00AF6044 /* PhotosViewController.swift */,
			);
			path = "Tumblr-Feed";
			sourceTree = "<group>";
		};
		B3EE9A6F1F7C68BE00AF6044 /* Tumblr-FeedTests */ = {
			isa = PBXGroup;
			children = (
				B3EE9A701F7C68BE00AF6044 /* Tumblr_FeedTests.swift */,
				B3EE9A721F7C68BE00AF6044 /* Info.plist */,
			);
			path = "Tumblr-FeedTests";
			sourceTree = "<group>";
		};
		B3EE9A7A1F7C68BE00AF6044 /* Tumblr-FeedUITests */ = {
			isa = PBXGroup;
			children = (
				B3EE9A7B1F7C68BE00AF6044 /* Tumblr_FeedUITests.swift */,
				B3EE9A7D1F7C68BE00AF6044 /* Info.plist */,
			);
			path = "Tumblr-FeedUITests";
			sourceTree = "<group>";
		};
		F3684194849D60F6441CDF1F /* Pods */ = {
			isa = PBXGroup;
			children = (
				128152DF0D13259CE20A361F /* Pods-Tumblr-Feed.debug.xcconfig */,
				748857B4C4D1BA1231A8530C /* Pods-Tumblr-Feed.release.xcconfig */,
				3FBFB2A2AA11B305B7448337 /* Pods-Tumblr-FeedTests.debug.xcconfig */,
				F1A89A89AF3869E85224BC17 /* Pods-Tumblr-FeedTests.release.xcconfig */,
				976EDEC0977EA49C97E0E35C /* Pods-Tumblr-FeedUITests.debug.xcconfig */,
				6F414CA3DD61013441292775 /* Pods-Tumblr-FeedUITests.release.xcconfig */,
			);
			name = Pods;
			sourceTree = "<group>";
		};
/* End PBXGroup section */

/* Begin PBXNativeTarget section */
		B3EE9A571F7C68BE00AF6044 /* Tumblr-Feed */ = {
			isa = PBXNativeTarget;
			buildConfigurationList = B3EE9A801F7C68BE00AF6044 /* Build configuration list for PBXNativeTarget "Tumblr-Feed" */;
			buildPhases = (
				F262026F50883BE21CEA5783 /* [CP] Check Pods Manifest.lock */,
				B3EE9A541F7C68BE00AF6044 /* Sources */,
				B3EE9A551F7C68BE00AF6044 /* Frameworks */,
				B3EE9A561F7C68BE00AF6044 /* Resources */,
				21ADAAFC278B7C17544221E6 /* [CP] Embed Pods Frameworks */,
				EE0036805567FDDDBE74D916 /* [CP] Copy Pods Resources */,
			);
			buildRules = (
			);
			dependencies = (
			);
			name = "Tumblr-Feed";
			productName = "Tumblr-Feed";
			productReference = B3EE9A581F7C68BE00AF6044 /* Tumblr-Feed.app */;
			productType = "com.apple.product-type.application";
		};
		B3EE9A6B1F7C68BE00AF6044 /* Tumblr-FeedTests */ = {
			isa = PBXNativeTarget;
			buildConfigurationList = B3EE9A831F7C68BE00AF6044 /* Build configuration list for PBXNativeTarget "Tumblr-FeedTests" */;
			buildPhases = (
				5CCFD65B11707803D94B3780 /* [CP] Check Pods Manifest.lock */,
				B3EE9A681F7C68BE00AF6044 /* Sources */,
				B3EE9A691F7C68BE00AF6044 /* Frameworks */,
				B3EE9A6A1F7C68BE00AF6044 /* Resources */,
				E5A2FAC5203502C78A59BAF4 /* [CP] Embed Pods Frameworks */,
				FF5CE7ACC101840C5E55AF9D /* [CP] Copy Pods Resources */,
			);
			buildRules = (
			);
			dependencies = (
				B3EE9A6E1F7C68BE00AF6044 /* PBXTargetDependency */,
			);
			name = "Tumblr-FeedTests";
			productName = "Tumblr-FeedTests";
			productReference = B3EE9A6C1F7C68BE00AF6044 /* Tumblr-FeedTests.xctest */;
			productType = "com.apple.product-type.bundle.unit-test";
		};
		B3EE9A761F7C68BE00AF6044 /* Tumblr-FeedUITests */ = {
			isa = PBXNativeTarget;
			buildConfigurationList = B3EE9A861F7C68BE00AF6044 /* Build configuration list for PBXNativeTarget "Tumblr-FeedUITests" */;
			buildPhases = (
				23CD37DB820D2DBE00F6977F /* [CP] Check Pods Manifest.lock */,
				B3EE9A731F7C68BE00AF6044 /* Sources */,
				B3EE9A741F7C68BE00AF6044 /* Frameworks */,
				B3EE9A751F7C68BE00AF6044 /* Resources */,
				AAB82F3E295F0ABBA5BF1F6D /* [CP] Embed Pods Frameworks */,
				D06FF0D611865429A88C89F0 /* [CP] Copy Pods Resources */,
			);
			buildRules = (
			);
			dependencies = (
				B3EE9A791F7C68BE00AF6044 /* PBXTargetDependency */,
			);
			name = "Tumblr-FeedUITests";
			productName = "Tumblr-FeedUITests";
			productReference = B3EE9A771F7C68BE00AF6044 /* Tumblr-FeedUITests.xctest */;
			productType = "com.apple.product-type.bundle.ui-testing";
		};
/* End PBXNativeTarget section */

/* Begin PBXProject section */
		B3EE9A501F7C68BE00AF6044 /* Project object */ = {
			isa = PBXProject;
			attributes = {
				LastSwiftUpdateCheck = 0830;
				LastUpgradeCheck = 0830;
				ORGANIZATIONNAME = "NAIM YOUSSIF TRAORE";
				TargetAttributes = {
					B3EE9A571F7C68BE00AF6044 = {
						CreatedOnToolsVersion = 8.3.3;
						DevelopmentTeam = C9DFP2HU5A;
						ProvisioningStyle = Automatic;
					};
					B3EE9A6B1F7C68BE00AF6044 = {
						CreatedOnToolsVersion = 8.3.3;
						DevelopmentTeam = C9DFP2HU5A;
						ProvisioningStyle = Automatic;
						TestTargetID = B3EE9A571F7C68BE00AF6044;
					};
					B3EE9A761F7C68BE00AF6044 = {
						CreatedOnToolsVersion = 8.3.3;
						DevelopmentTeam = C9DFP2HU5A;
						ProvisioningStyle = Automatic;
						TestTargetID = B3EE9A571F7C68BE00AF6044;
					};
				};
			};
			buildConfigurationList = B3EE9A531F7C68BE00AF6044 /* Build configuration list for PBXProject "Tumblr-Feed" */;
			compatibilityVersion = "Xcode 3.2";
			developmentRegion = English;
			hasScannedForEncodings = 0;
			knownRegions = (
				en,
				Base,
			);
			mainGroup = B3EE9A4F1F7C68BE00AF6044;
			productRefGroup = B3EE9A591F7C68BE00AF6044 /* Products */;
			projectDirPath = "";
			projectRoot = "";
			targets = (
				B3EE9A571F7C68BE00AF6044 /* Tumblr-Feed */,
				B3EE9A6B1F7C68BE00AF6044 /* Tumblr-FeedTests */,
				B3EE9A761F7C68BE00AF6044 /* Tumblr-FeedUITests */,
			);
		};
/* End PBXProject section */

/* Begin PBXResourcesBuildPhase section */
		B3EE9A561F7C68BE00AF6044 /* Resources */ = {
			isa = PBXResourcesBuildPhase;
			buildActionMask = 2147483647;
			files = (
				B3EE9A661F7C68BE00AF6044 /* LaunchScreen.storyboard in Resources */,
				B3EE9A631F7C68BE00AF6044 /* Assets.xcassets in Resources */,
				B3EE9A611F7C68BE00AF6044 /* Main.storyboard in Resources */,
			);
			runOnlyForDeploymentPostprocessing = 0;
		};
		B3EE9A6A1F7C68BE00AF6044 /* Resources */ = {
			isa = PBXResourcesBuildPhase;
			buildActionMask = 2147483647;
			files = (
			);
			runOnlyForDeploymentPostprocessing = 0;
		};
		B3EE9A751F7C68BE00AF6044 /* Resources */ = {
			isa = PBXResourcesBuildPhase;
			buildActionMask = 2147483647;
			files = (
			);
			runOnlyForDeploymentPostprocessing = 0;
		};
/* End PBXResourcesBuildPhase section */

/* Begin PBXShellScriptBuildPhase section */
		21ADAAFC278B7C17544221E6 /* [CP] Embed Pods Frameworks */ = {
			isa = PBXShellScriptBuildPhase;
			buildActionMask = 2147483647;
			files = (
			);
			inputPaths = (
				"${SRCROOT}/Pods/Target Support Files/Pods-Tumblr-Feed/Pods-Tumblr-Feed-frameworks.sh",
				"${BUILT_PRODUCTS_DIR}/Alamofire/Alamofire.framework",
				"${BUILT_PRODUCTS_DIR}/AlamofireImage/AlamofireImage.framework",
			);
			name = "[CP] Embed Pods Frameworks";
			outputPaths = (
				"${TARGET_BUILD_DIR}/${FRAMEWORKS_FOLDER_PATH}/Alamofire.framework",
				"${TARGET_BUILD_DIR}/${FRAMEWORKS_FOLDER_PATH}/AlamofireImage.framework",
			);
			runOnlyForDeploymentPostprocessing = 0;
			shellPath = /bin/sh;
			shellScript = "\"${SRCROOT}/Pods/Target Support Files/Pods-Tumblr-Feed/Pods-Tumblr-Feed-frameworks.sh\"\n";
			showEnvVarsInLog = 0;
		};
		23CD37DB820D2DBE00F6977F /* [CP] Check Pods Manifest.lock */ = {
			isa = PBXShellScriptBuildPhase;
			buildActionMask = 2147483647;
			files = (
			);
			inputPaths = (
				"${PODS_PODFILE_DIR_PATH}/Podfile.lock",
				"${PODS_ROOT}/Manifest.lock",
			);
			name = "[CP] Check Pods Manifest.lock";
			outputPaths = (
				"$(DERIVED_FILE_DIR)/Pods-Tumblr-FeedUITests-checkManifestLockResult.txt",
			);
			runOnlyForDeploymentPostprocessing = 0;
			shellPath = /bin/sh;
			shellScript = "diff \"${PODS_PODFILE_DIR_PATH}/Podfile.lock\" \"${PODS_ROOT}/Manifest.lock\" > /dev/null\nif [ $? != 0 ] ; then\n    # print error to STDERR\n    echo \"error: The sandbox is not in sync with the Podfile.lock. Run 'pod install' or update your CocoaPods installation.\" >&2\n    exit 1\nfi\n# This output is used by Xcode 'outputs' to avoid re-running this script phase.\necho \"SUCCESS\" > \"${SCRIPT_OUTPUT_FILE_0}\"\n";
			showEnvVarsInLog = 0;
		};
		5CCFD65B11707803D94B3780 /* [CP] Check Pods Manifest.lock */ = {
			isa = PBXShellScriptBuildPhase;
			buildActionMask = 2147483647;
			files = (
			);
			inputPaths = (
				"${PODS_PODFILE_DIR_PATH}/Podfile.lock",
				"${PODS_ROOT}/Manifest.lock",
			);
			name = "[CP] Check Pods Manifest.lock";
			outputPaths = (
				"$(DERIVED_FILE_DIR)/Pods-Tumblr-FeedTests-checkManifestLockResult.txt",
			);
			runOnlyForDeploymentPostprocessing = 0;
			shellPath = /bin/sh;
			shellScript = "diff \"${PODS_PODFILE_DIR_PATH}/Podfile.lock\" \"${PODS_ROOT}/Manifest.lock\" > /dev/null\nif [ $? != 0 ] ; then\n    # print error to STDERR\n    echo \"error: The sandbox is not in sync with the Podfile.lock. Run 'pod install' or update your CocoaPods installation.\" >&2\n    exit 1\nfi\n# This output is used by Xcode 'outputs' to avoid re-running this script phase.\necho \"SUCCESS\" > \"${SCRIPT_OUTPUT_FILE_0}\"\n";
			showEnvVarsInLog = 0;
		};
		AAB82F3E295F0ABBA5BF1F6D /* [CP] Embed Pods Frameworks */ = {
			isa = PBXShellScriptBuildPhase;
			buildActionMask = 2147483647;
			files = (
			);
			inputPaths = (
			);
			name = "[CP] Embed Pods Frameworks";
			outputPaths = (
			);
			runOnlyForDeploymentPostprocessing = 0;
			shellPath = /bin/sh;
			shellScript = "\"${SRCROOT}/Pods/Target Support Files/Pods-Tumblr-FeedUITests/Pods-Tumblr-FeedUITests-frameworks.sh\"\n";
			showEnvVarsInLog = 0;
		};
		D06FF0D611865429A88C89F0 /* [CP] Copy Pods Resources */ = {
			isa = PBXShellScriptBuildPhase;
			buildActionMask = 2147483647;
			files = (
			);
			inputPaths = (
			);
			name = "[CP] Copy Pods Resources";
			outputPaths = (
			);
			runOnlyForDeploymentPostprocessing = 0;
			shellPath = /bin/sh;
			shellScript = "\"${SRCROOT}/Pods/Target Support Files/Pods-Tumblr-FeedUITests/Pods-Tumblr-FeedUITests-resources.sh\"\n";
			showEnvVarsInLog = 0;
		};
		E5A2FAC5203502C78A59BAF4 /* [CP] Embed Pods Frameworks */ = {
			isa = PBXShellScriptBuildPhase;
			buildActionMask = 2147483647;
			files = (
			);
			inputPaths = (
			);
			name = "[CP] Embed Pods Frameworks";
			outputPaths = (
			);
			runOnlyForDeploymentPostprocessing = 0;
			shellPath = /bin/sh;
			shellScript = "\"${SRCROOT}/Pods/Target Support Files/Pods-Tumblr-FeedTests/Pods-Tumblr-FeedTests-frameworks.sh\"\n";
			showEnvVarsInLog = 0;
		};
		EE0036805567FDDDBE74D916 /* [CP] Copy Pods Resources */ = {
			isa = PBXShellScriptBuildPhase;
			buildActionMask = 2147483647;
			files = (
			);
			inputPaths = (
			);
			name = "[CP] Copy Pods Resources";
			outputPaths = (
			);
			runOnlyForDeploymentPostprocessing = 0;
			shellPath = /bin/sh;
			shellScript = "\"${SRCROOT}/Pods/Target Support Files/Pods-Tumblr-Feed/Pods-Tumblr-Feed-resources.sh\"\n";
			showEnvVarsInLog = 0;
		};
		F262026F50883BE21CEA5783 /* [CP] Check Pods Manifest.lock */ = {
			isa = PBXShellScriptBuildPhase;
			buildActionMask = 2147483647;
			files = (
			);
			inputPaths = (
				"${PODS_PODFILE_DIR_PATH}/Podfile.lock",
				"${PODS_ROOT}/Manifest.lock",
			);
			name = "[CP] Check Pods Manifest.lock";
			outputPaths = (
				"$(DERIVED_FILE_DIR)/Pods-Tumblr-Feed-checkManifestLockResult.txt",
			);
			runOnlyForDeploymentPostprocessing = 0;
			shellPath = /bin/sh;
			shellScript = "diff \"${PODS_PODFILE_DIR_PATH}/Podfile.lock\" \"${PODS_ROOT}/Manifest.lock\" > /dev/null\nif [ $? != 0 ] ; then\n    # print error to STDERR\n    echo \"error: The sandbox is not in sync with the Podfile.lock. Run 'pod install' or update your CocoaPods installation.\" >&2\n    exit 1\nfi\n# This output is used by Xcode 'outputs' to avoid re-running this script phase.\necho \"SUCCESS\" > \"${SCRIPT_OUTPUT_FILE_0}\"\n";
			showEnvVarsInLog = 0;
		};
		FF5CE7ACC101840C5E55AF9D /* [CP] Copy Pods Resources */ = {
			isa = PBXShellScriptBuildPhase;
			buildActionMask = 2147483647;
			files = (
			);
			inputPaths = (
			);
			name = "[CP] Copy Pods Resources";
			outputPaths = (
			);
			runOnlyForDeploymentPostprocessing = 0;
			shellPath = /bin/sh;
			shellScript = "\"${SRCROOT}/Pods/Target Support Files/Pods-Tumblr-FeedTests/Pods-Tumblr-FeedTests-resources.sh\"\n";
			showEnvVarsInLog = 0;
		};
/* End PBXShellScriptBuildPhase section */

/* Begin PBXSourcesBuildPhase section */
		B3EE9A541F7C68BE00AF6044 /* Sources */ = {
			isa = PBXSourcesBuildPhase;
			buildActionMask = 2147483647;
			files = (
				B3EE9A5C1F7C68BE00AF6044 /* AppDelegate.swift in Sources */,
				B3EE9A8A1F7C718D00AF6044 /* PhotosViewController.swift in Sources */,
			);
			runOnlyForDeploymentPostprocessing = 0;
		};
		B3EE9A681F7C68BE00AF6044 /* Sources */ = {
			isa = PBXSourcesBuildPhase;
			buildActionMask = 2147483647;
			files = (
				B3EE9A711F7C68BE00AF6044 /* Tumblr_FeedTests.swift in Sources */,
			);
			runOnlyForDeploymentPostprocessing = 0;
		};
		B3EE9A731F7C68BE00AF6044 /* Sources */ = {
			isa = PBXSourcesBuildPhase;
			buildActionMask = 2147483647;
			files = (
				B3EE9A7C1F7C68BE00AF6044 /* Tumblr_FeedUITests.swift in Sources */,
			);
			runOnlyForDeploymentPostprocessing = 0;
		};
/* End PBXSourcesBuildPhase section */

/* Begin PBXTargetDependency section */
		B3EE9A6E1F7C68BE00AF6044 /* PBXTargetDependency */ = {
			isa = PBXTargetDependency;
			target = B3EE9A571F7C68BE00AF6044 /* Tumblr-Feed */;
			targetProxy = B3EE9A6D1F7C68BE00AF6044 /* PBXContainerItemProxy */;
		};
		B3EE9A791F7C68BE00AF6044 /* PBXTargetDependency */ = {
			isa = PBXTargetDependency;
			target = B3EE9A571F7C68BE00AF6044 /* Tumblr-Feed */;
			targetProxy = B3EE9A781F7C68BE00AF6044 /* PBXContainerItemProxy */;
		};
/* End PBXTargetDependency section */

/* Begin PBXVariantGroup section */
		B3EE9A5F1F7C68BE00AF6044 /* Main.storyboard */ = {
			isa = PBXVariantGroup;
			children = (
				B3EE9A601F7C68BE00AF6044 /* Base */,
			);
			name = Main.storyboard;
			sourceTree = "<group>";
		};
		B3EE9A641F7C68BE00AF6044 /* LaunchScreen.storyboard */ = {
			isa = PBXVariantGroup;
			children = (
				B3EE9A651F7C68BE00AF6044 /* Base */,
			);
			name = LaunchScreen.storyboard;
			sourceTree = "<group>";
		};
/* End PBXVariantGroup section */

/* Begin XCBuildConfiguration section */
		B3EE9A7E1F7C68BE00AF6044 /* Debug */ = {
			isa = XCBuildConfiguration;
			buildSettings = {
				ALWAYS_SEARCH_USER_PATHS = NO;
				CLANG_ANALYZER_NONNULL = YES;
				CLANG_ANALYZER_NUMBER_OBJECT_CONVERSION = YES_AGGRESSIVE;
				CLANG_CXX_LANGUAGE_STANDARD = "gnu++0x";
				CLANG_CXX_LIBRARY = "libc++";
				CLANG_ENABLE_MODULES = YES;
				CLANG_ENABLE_OBJC_ARC = YES;
				CLANG_WARN_BOOL_CONVERSION = YES;
				CLANG_WARN_CONSTANT_CONVERSION = YES;
				CLANG_WARN_DIRECT_OBJC_ISA_USAGE = YES_ERROR;
				CLANG_WARN_DOCUMENTATION_COMMENTS = YES;
				CLANG_WARN_EMPTY_BODY = YES;
				CLANG_WARN_ENUM_CONVERSION = YES;
				CLANG_WARN_INFINITE_RECURSION = YES;
				CLANG_WARN_INT_CONVERSION = YES;
				CLANG_WARN_OBJC_ROOT_CLASS = YES_ERROR;
				CLANG_WARN_SUSPICIOUS_MOVE = YES;
				CLANG_WARN_UNREACHABLE_CODE = YES;
				CLANG_WARN__DUPLICATE_METHOD_MATCH = YES;
				"CODE_SIGN_IDENTITY[sdk=iphoneos*]" = "iPhone Developer";
				COPY_PHASE_STRIP = NO;
				DEBUG_INFORMATION_FORMAT = dwarf;
				ENABLE_STRICT_OBJC_MSGSEND = YES;
				ENABLE_TESTABILITY = YES;
				GCC_C_LANGUAGE_STANDARD = gnu99;
				GCC_DYNAMIC_NO_PIC = NO;
				GCC_NO_COMMON_BLOCKS = YES;
				GCC_OPTIMIZATION_LEVEL = 0;
				GCC_PREPROCESSOR_DEFINITIONS = (
					"DEBUG=1",
					"$(inherited)",
				);
				GCC_WARN_64_TO_32_BIT_CONVERSION = YES;
				GCC_WARN_ABOUT_RETURN_TYPE = YES_ERROR;
				GCC_WARN_UNDECLARED_SELECTOR = YES;
				GCC_WARN_UNINITIALIZED_AUTOS = YES_AGGRESSIVE;
				GCC_WARN_UNUSED_FUNCTION = YES;
				GCC_WARN_UNUSED_VARIABLE = YES;
				IPHONEOS_DEPLOYMENT_TARGET = 10.3;
				MTL_ENABLE_DEBUG_INFO = YES;
				ONLY_ACTIVE_ARCH = YES;
				SDKROOT = iphoneos;
				SWIFT_ACTIVE_COMPILATION_CONDITIONS = DEBUG;
				SWIFT_OPTIMIZATION_LEVEL = "-Onone";
			};
			name = Debug;
		};
		B3EE9A7F1F7C68BE00AF6044 /* Release */ = {
			isa = XCBuildConfiguration;
			buildSettings = {
				ALWAYS_SEARCH_USER_PATHS = NO;
				CLANG_ANALYZER_NONNULL = YES;
				CLANG_ANALYZER_NUMBER_OBJECT_CONVERSION = YES_AGGRESSIVE;
				CLANG_CXX_LANGUAGE_STANDARD = "gnu++0x";
				CLANG_CXX_LIBRARY = "libc++";
				CLANG_ENABLE_MODULES = YES;
				CLANG_ENABLE_OBJC_ARC = YES;
				CLANG_WARN_BOOL_CONVERSION = YES;
				CLANG_WARN_CONSTANT_CONVERSION = YES;
				CLANG_WARN_DIRECT_OBJC_ISA_USAGE = YES_ERROR;
				CLANG_WARN_DOCUMENTATION_COMMENTS = YES;
				CLANG_WARN_EMPTY_BODY = YES;
				CLANG_WARN_ENUM_CONVERSION = YES;
				CLANG_WARN_INFINITE_RECURSION = YES;
				CLANG_WARN_INT_CONVERSION = YES;
				CLANG_WARN_OBJC_ROOT_CLASS = YES_ERROR;
				CLANG_WARN_SUSPICIOUS_MOVE = YES;
				CLANG_WARN_UNREACHABLE_CODE = YES;
				CLANG_WARN__DUPLICATE_METHOD_MATCH = YES;
				"CODE_SIGN_IDENTITY[sdk=iphoneos*]" = "iPhone Developer";
				COPY_PHASE_STRIP = NO;
				DEBUG_INFORMATION_FORMAT = "dwarf-with-dsym";
				ENABLE_NS_ASSERTIONS = NO;
				ENABLE_STRICT_OBJC_MSGSEND = YES;
				GCC_C_LANGUAGE_STANDARD = gnu99;
				GCC_NO_COMMON_BLOCKS = YES;
				GCC_WARN_64_TO_32_BIT_CONVERSION = YES;
				GCC_WARN_ABOUT_RETURN_TYPE = YES_ERROR;
				GCC_WARN_UNDECLARED_SELECTOR = YES;
				GCC_WARN_UNINITIALIZED_AUTOS = YES_AGGRESSIVE;
				GCC_WARN_UNUSED_FUNCTION = YES;
				GCC_WARN_UNUSED_VARIABLE = YES;
				IPHONEOS_DEPLOYMENT_TARGET = 10.3;
				MTL_ENABLE_DEBUG_INFO = NO;
				SDKROOT = iphoneos;
				SWIFT_OPTIMIZATION_LEVEL = "-Owholemodule";
				VALIDATE_PRODUCT = YES;
			};
			name = Release;
		};
		B3EE9A811F7C68BE00AF6044 /* Debug */ = {
			isa = XCBuildConfiguration;
			baseConfigurationReference = 128152DF0D13259CE20A361F /* Pods-Tumblr-Feed.debug.xcconfig */;
			buildSettings = {
				ASSETCATALOG_COMPILER_APPICON_NAME = AppIcon;
				DEVELOPMENT_TEAM = C9DFP2HU5A;
				INFOPLIST_FILE = "Tumblr-Feed/Info.plist";
				LD_RUNPATH_SEARCH_PATHS = "$(inherited) @executable_path/Frameworks";
				PRODUCT_BUNDLE_IDENTIFIER = "com.naim.Tumblr-Feed";
				PRODUCT_NAME = "$(TARGET_NAME)";
				SWIFT_VERSION = 3.0;
			};
			name = Debug;
		};
		B3EE9A821F7C68BE00AF6044 /* Release */ = {
			isa = XCBuildConfiguration;
			baseConfigurationReference = 748857B4C4D1BA1231A8530C /* Pods-Tumblr-Feed.release.xcconfig */;
			buildSettings = {
				ASSETCATALOG_COMPILER_APPICON_NAME = AppIcon;
				DEVELOPMENT_TEAM = C9DFP2HU5A;
				INFOPLIST_FILE = "Tumblr-Feed/Info.plist";
				LD_RUNPATH_SEARCH_PATHS = "$(inherited) @executable_path/Frameworks";
				PRODUCT_BUNDLE_IDENTIFIER = "com.naim.Tumblr-Feed";
				PRODUCT_NAME = "$(TARGET_NAME)";
				SWIFT_VERSION = 3.0;
			};
			name = Release;
		};
		B3EE9A841F7C68BE00AF6044 /* Debug */ = {
			isa = XCBuildConfiguration;
			baseConfigurationReference = 3FBFB2A2AA11B305B7448337 /* Pods-Tumblr-FeedTests.debug.xcconfig */;
			buildSettings = {
				ALWAYS_EMBED_SWIFT_STANDARD_LIBRARIES = YES;
				BUNDLE_LOADER = "$(TEST_HOST)";
				DEVELOPMENT_TEAM = C9DFP2HU5A;
				INFOPLIST_FILE = "Tumblr-FeedTests/Info.plist";
				LD_RUNPATH_SEARCH_PATHS = "$(inherited) @executable_path/Frameworks @loader_path/Frameworks";
				PRODUCT_BUNDLE_IDENTIFIER = "com.naim.Tumblr-FeedTests";
				PRODUCT_NAME = "$(TARGET_NAME)";
				SWIFT_VERSION = 3.0;
				TEST_HOST = "$(BUILT_PRODUCTS_DIR)/Tumblr-Feed.app/Tumblr-Feed";
			};
			name = Debug;
		};
		B3EE9A851F7C68BE00AF6044 /* Release */ = {
			isa = XCBuildConfiguration;
			baseConfigurationReference = F1A89A89AF3869E85224BC17 /* Pods-Tumblr-FeedTests.release.xcconfig */;
			buildSettings = {
				ALWAYS_EMBED_SWIFT_STANDARD_LIBRARIES = YES;
				BUNDLE_LOADER = "$(TEST_HOST)";
				DEVELOPMENT_TEAM = C9DFP2HU5A;
				INFOPLIST_FILE = "Tumblr-FeedTests/Info.plist";
				LD_RUNPATH_SEARCH_PATHS = "$(inherited) @executable_path/Frameworks @loader_path/Frameworks";
				PRODUCT_BUNDLE_IDENTIFIER = "com.naim.Tumblr-FeedTests";
				PRODUCT_NAME = "$(TARGET_NAME)";
				SWIFT_VERSION = 3.0;
				TEST_HOST = "$(BUILT_PRODUCTS_DIR)/Tumblr-Feed.app/Tumblr-Feed";
			};
			name = Release;
		};
		B3EE9A871F7C68BE00AF6044 /* Debug */ = {
			isa = XCBuildConfiguration;
			baseConfigurationReference = 976EDEC0977EA49C97E0E35C /* Pods-Tumblr-FeedUITests.debug.xcconfig */;
			buildSettings = {
				ALWAYS_EMBED_SWIFT_STANDARD_LIBRARIES = YES;
				DEVELOPMENT_TEAM = C9DFP2HU5A;
				INFOPLIST_FILE = "Tumblr-FeedUITests/Info.plist";
				LD_RUNPATH_SEARCH_PATHS = "$(inherited) @executable_path/Frameworks @loader_path/Frameworks";
				PRODUCT_BUNDLE_IDENTIFIER = "com.naim.Tumblr-FeedUITests";
				PRODUCT_NAME = "$(TARGET_NAME)";
				SWIFT_VERSION = 3.0;
				TEST_TARGET_NAME = "Tumblr-Feed";
			};
			name = Debug;
		};
		B3EE9A881F7C68BE00AF6044 /* Release */ = {
			isa = XCBuildConfiguration;
			baseConfigurationReference = 6F414CA3DD61013441292775 /* Pods-Tumblr-FeedUITests.release.xcconfig */;
			buildSettings = {
				ALWAYS_EMBED_SWIFT_STANDARD_LIBRARIES = YES;
				DEVELOPMENT_TEAM = C9DFP2HU5A;
				INFOPLIST_FILE = "Tumblr-FeedUITests/Info.plist";
				LD_RUNPATH_SEARCH_PATHS = "$(inherited) @executable_path/Frameworks @loader_path/Frameworks";
				PRODUCT_BUNDLE_IDENTIFIER = "com.naim.Tumblr-FeedUITests";
				PRODUCT_NAME = "$(TARGET_NAME)";
				SWIFT_VERSION = 3.0;
				TEST_TARGET_NAME = "Tumblr-Feed";
			};
			name = Release;
		};
/* End XCBuildConfiguration section */

/* Begin XCConfigurationList section */
		B3EE9A531F7C68BE00AF6044 /* Build configuration list for PBXProject "Tumblr-Feed" */ = {
			isa = XCConfigurationList;
			buildConfigurations = (
				B3EE9A7E1F7C68BE00AF6044 /* Debug */,
				B3EE9A7F1F7C68BE00AF6044 /* Release */,
			);
			defaultConfigurationIsVisible = 0;
			defaultConfigurationName = Release;
		};
		B3EE9A801F7C68BE00AF6044 /* Build configuration list for PBXNativeTarget "Tumblr-Feed" */ = {
			isa = XCConfigurationList;
			buildConfigurations = (
				B3EE9A811F7C68BE00AF6044 /* Debug */,
				B3EE9A821F7C68BE00AF6044 /* Release */,
			);
			defaultConfigurationIsVisible = 0;
			defaultConfigurationName = Release;
		};
		B3EE9A831F7C68BE00AF6044 /* Build configuration list for PBXNativeTarget "Tumblr-FeedTests" */ = {
			isa = XCConfigurationList;
			buildConfigurations = (
				B3EE9A841F7C68BE00AF6044 /* Debug */,
				B3EE9A851F7C68BE00AF6044 /* Release */,
			);
			defaultConfigurationIsVisible = 0;
			defaultConfigurationName = Release;
		};
		B3EE9A861F7C68BE00AF6044 /* Build configuration list for PBXNativeTarget "Tumblr-FeedUITests" */ = {
			isa = XCConfigurationList;
			buildConfigurations = (
				B3EE9A871F7C68BE00AF6044 /* Debug */,
				B3EE9A881F7C68BE00AF6044 /* Release */,
			);
			defaultConfigurationIsVisible = 0;
			defaultConfigurationName = Release;
		};
/* End XCConfigurationList section */
	};
	rootObject = B3EE9A501F7C68BE00AF6044 /* Project object */;
}
